# This file is autogenerated, do not edit; changes may be undone by the next 'dep ensure'.


[[projects]]
  digest = "1:ffe9824d294da03b391f44e1ae8281281b4afc1bdaa9588c9097785e3af10cec"
  name = "github.com/davecgh/go-spew"
  packages = ["spew"]
  pruneopts = "UT"
  revision = "8991bc29aa16c548c550c7ff78260e27b9ab7c73"
  version = "v1.1.1"

[[projects]]
  digest = "1:586ea76dbd0374d6fb649a91d70d652b7fe0ccffb8910a77468e7702e7901f3d"
  name = "github.com/go-stack/stack"
  packages = ["."]
  pruneopts = "UT"
  revision = "2fee6af1a9795aafbe0253a0cfbdf668e1fb8a9a"
  version = "v1.8.0"

[[projects]]
  digest = "1:41a85d7e3dd4aeda13bbbdac1b29c94f2174230622dbd21f6493abb96ba29f8c"
  name = "github.com/go-telegram-bot-api/telegram-bot-api"
  packages = ["."]
  pruneopts = "UT"
  revision = "b6df6c273aa804a6c7dd2f719ac8be1a95ce2790"
  version = "v5.0.1"

[[projects]]
  branch = "master"
  digest = "1:517c4dd8b618aa9053dfde13c4391dff6e43f7445c2d2b394c0cb9861ba209c8"
  name = "github.com/golang/snappy"
  packages = ["."]
  pruneopts = "UT"
  revision = "674baa8c7fc30da5df3074a459494a7e6b427dff"

[[projects]]
  digest = "1:0028cb19b2e4c3112225cd871870f2d9cf49b9b4276531f03438a88e94be86fe"
  name = "github.com/pmezard/go-difflib"
  packages = ["difflib"]
  pruneopts = "UT"
  revision = "792786c7400a136282c1664665ae0a8db921c6c2"
  version = "v1.0.0"

[[projects]]
  digest = "1:86ff4af7b6bb3d27c2e89b5ef8c139678acff1cad74a3c5235fc5af6b94fcc9e"
  name = "github.com/stretchr/objx"
  packages = ["."]
  pruneopts = "UT"
  revision = "35313a95ee26395aa17d366c71a2ccf788fa69b6"
  version = "v0.3.0"

[[projects]]
  digest = "1:0357d51eb26b9b6aee097fca537eac00d8aebb7e85163c0ee1e45bf8d0373d41"
  name = "github.com/stretchr/testify"
  packages = [
    ".",
    "assert",
    "http",
    "mock",
  ]
  pruneopts = "UT"
  revision = "f654a9112bbeac49ca2cd45bfbe11533c4666cf8"
  version = "v1.6.1"

[[projects]]
  digest = "1:420817f94b6c172dabb8a054d0b2d257d7437a87c7c8c7ee432bc008a577fc46"
  name = "github.com/technoweenie/multipartstreamer"
  packages = ["."]
  pruneopts = "UT"
  revision = "a90a01d73ae432e2611d178c18367fbaa13e0154"
  version = "v1.0.1"

[[projects]]
  branch = "master"
  digest = "1:40fdfd6ab85ca32b6935853bbba35935dcb1d796c8135efd85947566c76e662e"
  name = "github.com/xdg/scram"
  packages = ["."]
  pruneopts = "UT"
  revision = "7eeb5667e42c09cb51bf7b7c28aea8c56767da90"

[[projects]]
  branch = "master"
  digest = "1:f5c1d04bc09c644c592b45b9f0bad4030521b1a7d11c7dadbb272d9439fa6e8e"
  name = "github.com/xdg/stringprep"
  packages = ["."]
  pruneopts = "UT"
  revision = "28ec3d652c6c3c08aa68bd84d66c2eed01327d2e"

[[projects]]
  digest = "1:721dfafdcdef689834240d27526505237b230b7dea54df28ec299ab182cfbd1f"
  name = "go.mongodb.org/mongo-driver"
  packages = [
    "bson",
    "bson/bsoncodec",
    "bson/bsonrw",
    "bson/bsontype",
    "bson/primitive",
    "event",
    "internal",
    "mongo",
    "mongo/options",
    "mongo/readconcern",
    "mongo/readpref",
    "mongo/writeconcern",
    "tag",
    "version",
    "x/bsonx",
    "x/bsonx/bsoncore",
    "x/mongo/driver",
    "x/mongo/driver/auth",
    "x/mongo/driver/auth/internal/gssapi",
    "x/mongo/driver/session",
    "x/mongo/driver/topology",
    "x/mongo/driver/uuid",
    "x/network/address",
    "x/network/command",
    "x/network/compressor",
    "x/network/connection",
    "x/network/connstring",
    "x/network/description",
    "x/network/result",
    "x/network/wiremessage",
  ]
  pruneopts = "UT"
  revision = "0d1270edf53072da4da781b76d2e1db58831152f"
  version = "v1.0.4"

[[projects]]
  branch = "master"
  digest = "1:f92f6956e4059f6a3efc14924d2dd58ba90da25cc57fe07ae3779ef2f5e0c5f2"
  name = "golang.org/x/crypto"
  packages = ["pbkdf2"]
  pruneopts = "UT"
  revision = "9e8e0b390897c84cad53ebe9ed2d1d331a5394d9"

[[projects]]
  branch = "master"
  digest = "1:4692f916cb72b2c295f04841036d85a3f13e96d1cc9e8e4c2c30edebac518053"
  name = "golang.org/x/sync"
  packages = ["semaphore"]
  pruneopts = "UT"
  revision = "67f06af15bc961c363a7260195bcd53487529a21"

[[projects]]
  digest = "1:666e3df74f0c4788cc92426b18e33d93b7b62a3d4e8253f7c4b2226132a0f8de"
  name = "golang.org/x/text"
  packages = [
    "internal/gen",
    "internal/triegen",
    "internal/ucd",
    "transform",
    "unicode/cldr",
    "unicode/norm",
  ]
  pruneopts = "UT"
  revision = "22f1617af38ed4cd65b3b96e02bab267e560155c"
  version = "v0.3.4"

[[projects]]
  branch = "v3"
  digest = "1:229cb0f6192914f518cc1241ede6d6f1f458b31debfa18bf3a5c9e4f7b01e24b"
  name = "gopkg.in/yaml.v3"
  packages = ["."]
  pruneopts = "UT"
  revision = "eeeca48fe7764f320e4870d231902bf9c1be2c08"

[solve-meta]
  analyzer-name = "dep"
  analyzer-version = 1
  input-imports = [
    "github.com/go-telegram-bot-api/telegram-bot-api",
    "github.com/stretchr/testify",
    "go.mongodb.org/mongo-driver/bson",
    "go.mongodb.org/mongo-driver/mongo",
    "go.mongodb.org/mongo-driver/mongo/options",
  ]
  solver-name = "gps-cdcl"
  solver-version = 1
