# This file is autogenerated, do not edit; changes may be undone by the next 'dep ensure'.


[[projects]]
  digest = "1:41a85d7e3dd4aeda13bbbdac1b29c94f2174230622dbd21f6493abb96ba29f8c"
  name = "github.com/go-telegram-bot-api/telegram-bot-api"
  packages = ["."]
  pruneopts = "UT"
  revision = "b6df6c273aa804a6c7dd2f719ac8be1a95ce2790"
  version = "v5.0.1"

[[projects]]
  digest = "1:420817f94b6c172dabb8a054d0b2d257d7437a87c7c8c7ee432bc008a577fc46"
  name = "github.com/technoweenie/multipartstreamer"
  packages = ["."]
  pruneopts = "UT"
  revision = "a90a01d73ae432e2611d178c18367fbaa13e0154"
  version = "v1.0.1"

[solve-meta]
  analyzer-name = "dep"
  analyzer-version = 1
  input-imports = ["github.com/go-telegram-bot-api/telegram-bot-api"]
  solver-name = "gps-cdcl"
  solver-version = 1
